source_repo: kwsch/PKHeX
source_commit: 8ad201e80244f630ab5a46922ab72fb79c5ad4f4
source_license: GPL-3.0
role: reference_oracle
runtime_code_policy: do_not_vendor
data_policy: extract_and_normalize_with_provenance
language_priority:
  - ja
  - ko
  - en
  - other_official
pkhex_core_files: 3549
generated_on: 2026-09-19
